
Microsoft Visual Studio Solution File, Format Version 12.00
# Visual Studio Version 17
VisualStudioVersion = 17.2.32630.192
MinimumVisualStudioVersion = 10.0.40219.1
Project("{9A19103F-16F7-4668-BE54-9A1E7A4F7556}") = "Shop", "Shop\Shop.csproj", "{3B2BDE43-65C2-43A7-B120-850A2FB3CB02}"
EndProject
Project("{2150E333-8FDC-42A3-9474-1A3956D46DE8}") = "1. Api", "1. Api", "{D543A645-87FE-4BF5-A18E-2B21E85AC703}"
EndProject
Project("{2150E333-8FDC-42A3-9474-1A3956D46DE8}") = "2. Business Logic", "2. Business Logic", "{FC87EB2B-7589-4F42-9D3F-5868AA2FDA63}"
EndProject
Project("{2150E333-8FDC-42A3-9474-1A3956D46DE8}") = "3. Models", "3. Models", "{E0760B97-642D-44C1-927F-A38876CEFCA1}"
EndProject
Project("{2150E333-8FDC-42A3-9474-1A3956D46DE8}") = "4. Parser", "4. Parser", "{5FF90363-2004-45FA-8855-917ECC5E7472}"
EndProject
Project("{2150E333-8FDC-42A3-9474-1A3956D46DE8}") = "5. Common", "5. Common", "{528674CC-CA16-42C1-AAB1-C61CC766C11D}"
EndProject
Project("{9A19103F-16F7-4668-BE54-9A1E7A4F7556}") = "Shop.BusinessLogic", "Shop.BusinessLogic\Shop.BusinessLogic.csproj", "{8DF8A0D9-6D8A-425B-BEDD-86760CD03DC3}"
EndProject
Project("{9A19103F-16F7-4668-BE54-9A1E7A4F7556}") = "Shop.Models", "Shop.Models\Shop.Models.csproj", "{AF317D69-32A1-49E7-96A1-594F27B05A10}"
EndProject
Project("{9A19103F-16F7-4668-BE54-9A1E7A4F7556}") = "Shop.Parser", "Shop.Parser\Shop.Parser.csproj", "{9A46C961-0DC9-4B99-A7DA-0C79CE8F264A}"
EndProject
Project("{9A19103F-16F7-4668-BE54-9A1E7A4F7556}") = "Shop.Common", "Shop.Common\Shop.Common.csproj", "{8F151695-A547-4D16-BFE1-FD1E2E7474A5}"
EndProject
Global
	GlobalSection(SolutionConfigurationPlatforms) = preSolution
		Debug|Any CPU = Debug|Any CPU
		Release|Any CPU = Release|Any CPU
	EndGlobalSection
	GlobalSection(ProjectConfigurationPlatforms) = postSolution
		{3B2BDE43-65C2-43A7-B120-850A2FB3CB02}.Debug|Any CPU.ActiveCfg = Debug|Any CPU
		{3B2BDE43-65C2-43A7-B120-850A2FB3CB02}.Debug|Any CPU.Build.0 = Debug|Any CPU
		{3B2BDE43-65C2-43A7-B120-850A2FB3CB02}.Release|Any CPU.ActiveCfg = Release|Any CPU
		{3B2BDE43-65C2-43A7-B120-850A2FB3CB02}.Release|Any CPU.Build.0 = Release|Any CPU
		{8DF8A0D9-6D8A-425B-BEDD-86760CD03DC3}.Debug|Any CPU.ActiveCfg = Debug|Any CPU
		{8DF8A0D9-6D8A-425B-BEDD-86760CD03DC3}.Debug|Any CPU.Build.0 = Debug|Any CPU
		{8DF8A0D9-6D8A-425B-BEDD-86760CD03DC3}.Release|Any CPU.ActiveCfg = Release|Any CPU
		{8DF8A0D9-6D8A-425B-BEDD-86760CD03DC3}.Release|Any CPU.Build.0 = Release|Any CPU
		{AF317D69-32A1-49E7-96A1-594F27B05A10}.Debug|Any CPU.ActiveCfg = Debug|Any CPU
		{AF317D69-32A1-49E7-96A1-594F27B05A10}.Debug|Any CPU.Build.0 = Debug|Any CPU
		{AF317D69-32A1-49E7-96A1-594F27B05A10}.Release|Any CPU.ActiveCfg = Release|Any CPU
		{AF317D69-32A1-49E7-96A1-594F27B05A10}.Release|Any CPU.Build.0 = Release|Any CPU
		{9A46C961-0DC9-4B99-A7DA-0C79CE8F264A}.Debug|Any CPU.ActiveCfg = Debug|Any CPU
		{9A46C961-0DC9-4B99-A7DA-0C79CE8F264A}.Debug|Any CPU.Build.0 = Debug|Any CPU
		{9A46C961-0DC9-4B99-A7DA-0C79CE8F264A}.Release|Any CPU.ActiveCfg = Release|Any CPU
		{9A46C961-0DC9-4B99-A7DA-0C79CE8F264A}.Release|Any CPU.Build.0 = Release|Any CPU
		{8F151695-A547-4D16-BFE1-FD1E2E7474A5}.Debug|Any CPU.ActiveCfg = Debug|Any CPU
		{8F151695-A547-4D16-BFE1-FD1E2E7474A5}.Debug|Any CPU.Build.0 = Debug|Any CPU
		{8F151695-A547-4D16-BFE1-FD1E2E7474A5}.Release|Any CPU.ActiveCfg = Release|Any CPU
		{8F151695-A547-4D16-BFE1-FD1E2E7474A5}.Release|Any CPU.Build.0 = Release|Any CPU
	EndGlobalSection
	GlobalSection(SolutionProperties) = preSolution
		HideSolutionNode = FALSE
	EndGlobalSection
	GlobalSection(NestedProjects) = preSolution
		{3B2BDE43-65C2-43A7-B120-850A2FB3CB02} = {D543A645-87FE-4BF5-A18E-2B21E85AC703}
		{8DF8A0D9-6D8A-425B-BEDD-86760CD03DC3} = {FC87EB2B-7589-4F42-9D3F-5868AA2FDA63}
		{AF317D69-32A1-49E7-96A1-594F27B05A10} = {E0760B97-642D-44C1-927F-A38876CEFCA1}
		{9A46C961-0DC9-4B99-A7DA-0C79CE8F264A} = {5FF90363-2004-45FA-8855-917ECC5E7472}
		{8F151695-A547-4D16-BFE1-FD1E2E7474A5} = {528674CC-CA16-42C1-AAB1-C61CC766C11D}
	EndGlobalSection
	GlobalSection(ExtensibilityGlobals) = postSolution
		SolutionGuid = {41082729-FE81-4693-9C6D-D61E44ED211C}
	EndGlobalSection
EndGlobal
